
Microsoft Visual Studio Solution File, Format Version 12.00
# Visual Studio Version 17
VisualStudioVersion = 17.0.31903.59
MinimumVisualStudioVersion = 10.0.40219.1
Project("{FAE04EC0-301F-11D3-BF4B-00C04F79EFBC}") = "lessno", "lessno\lessno.csproj", "{D5F249B9-8E7B-4CE2-BF88-427AA191B590}"
EndProject
Project("{FAE04EC0-301F-11D3-BF4B-00C04F79EFBC}") = "librarycalculator", "librarycalculator\librarycalculator.csproj", "{31D439C9-DF13-43C9-8A15-5D8DF8C05FFF}"
EndProject
Global
	GlobalSection(SolutionConfigurationPlatforms) = preSolution
		Debug|Any CPU = Debug|Any CPU
		Release|Any CPU = Release|Any CPU
	EndGlobalSection
	GlobalSection(ProjectConfigurationPlatforms) = postSolution
		{D5F249B9-8E7B-4CE2-BF88-427AA191B590}.Debug|Any CPU.ActiveCfg = Debug|Any CPU
		{D5F249B9-8E7B-4CE2-BF88-427AA191B590}.Debug|Any CPU.Build.0 = Debug|Any CPU
		{D5F249B9-8E7B-4CE2-BF88-427AA191B590}.Release|Any CPU.ActiveCfg = Release|Any CPU
		{D5F249B9-8E7B-4CE2-BF88-427AA191B590}.Release|Any CPU.Build.0 = Release|Any CPU
		{31D439C9-DF13-43C9-8A15-5D8DF8C05FFF}.Debug|Any CPU.ActiveCfg = Debug|Any CPU
		{31D439C9-DF13-43C9-8A15-5D8DF8C05FFF}.Debug|Any CPU.Build.0 = Debug|Any CPU
		{31D439C9-DF13-43C9-8A15-5D8DF8C05FFF}.Release|Any CPU.ActiveCfg = Release|Any CPU
		{31D439C9-DF13-43C9-8A15-5D8DF8C05FFF}.Release|Any CPU.Build.0 = Release|Any CPU
	EndGlobalSection
	GlobalSection(SolutionProperties) = preSolution
		HideSolutionNode = FALSE
	EndGlobalSection
	GlobalSection(ExtensibilityGlobals) = postSolution
		SolutionGuid = {1E2AEF55-BE61-4D2F-871D-2B55E78F725C}
	EndGlobalSection
EndGlobal
